// !$*UTF8*$!
{
    archiveVersion = 1;
    classes = {};
    objectVersion = 46;
    rootObject = __RootObject_;
    objects = {
        __RootObject_ = {
            isa = PBXProject;
            attributes = {LastUpgradeCheck = 9999;};
            buildConfigurationList = ___RootConfs_;
            compatibilityVersion = 'Xcode 3.2';
            developmentRegion = English;
            hasScannedForEncodings = 0;
            knownRegions = (en);
            mainGroup = ___RootGroup_;
            productRefGroup = ____Products_;
            projectDirPath = '';
            projectRoot = '';
            targets = (______Target_Socks, ______Target_SocksCore, ______Target_SocksCoreExampleTCPClient, ______Target_SocksCoreExampleTCPKeepAliveServer, ______Target_SocksCoreExampleTCPServer, ______Target_SocksExampleTCPClient, ______Target_SocksExampleTCPServer, ______Target_SocksExampleUDPClient, ______Target_SocksExampleUDPServer, ______Target_SecretSocks, ______Target_SecretSocksTestSuite);
        };
        '__PBXFileRef_Package.swift' = {
            isa = PBXFileReference;
            lastKnownFileType = sourcecode.swift;
            name = 'Package.swift';
            path = 'Package.swift';
            sourceTree = '<group>';
        };
        ___RootGroup_ = {
            isa = PBXGroup;
            children = ('__PBXFileRef_Package.swift', _____Configs_, _____Sources_, Dependencies_, _______Tests_, ____Products_);
            sourceTree = '<group>';
        };
        __PBXFileRef_Socks_Info.plist = {
            isa = PBXFileReference;
            lastKnownFileType = text.plist.xml;
            name = 'Socks_Info.plist';
            path = 'SecretSocks.xcodeproj/Socks_Info.plist';
            sourceTree = SOURCE_ROOT;
        };
        _______Group_Socks = {
            isa = PBXGroup;
            name = Socks;
            path = 'Packages/Socks-0.7.0/Sources/Socks';
            sourceTree = '<group>';
            children = ('__PBXFileRef_Packages/Socks-0.7.0/Sources/Socks/Socks.swift', '__PBXFileRef_Packages/Socks-0.7.0/Sources/Socks/SynchronousTCPServer.swift', '__PBXFileRef_Packages/Socks-0.7.0/Sources/Socks/SynchronousUDPServer.swift', '__PBXFileRef_Packages/Socks-0.7.0/Sources/Socks/TCPClient.swift', '__PBXFileRef_Packages/Socks-0.7.0/Sources/Socks/UDPClient.swift', __PBXFileRef_Socks_Info.plist);
        };
        '__PBXFileRef_Packages/Socks-0.7.0/Sources/Socks/Socks.swift' = {
            isa = PBXFileReference;
            lastKnownFileType = sourcecode.swift;
            name = 'Socks.swift';
            sourceTree = '<group>';
        };
        '__PBXFileRef_Packages/Socks-0.7.0/Sources/Socks/SynchronousTCPServer.swift' = {
            isa = PBXFileReference;
            lastKnownFileType = sourcecode.swift;
            name = 'SynchronousTCPServer.swift';
            sourceTree = '<group>';
        };
        '__PBXFileRef_Packages/Socks-0.7.0/Sources/Socks/SynchronousUDPServer.swift' = {
            isa = PBXFileReference;
            lastKnownFileType = sourcecode.swift;
            name = 'SynchronousUDPServer.swift';
            sourceTree = '<group>';
        };
        '__PBXFileRef_Packages/Socks-0.7.0/Sources/Socks/TCPClient.swift' = {
            isa = PBXFileReference;
            lastKnownFileType = sourcecode.swift;
            name = 'TCPClient.swift';
            sourceTree = '<group>';
        };
        '__PBXFileRef_Packages/Socks-0.7.0/Sources/Socks/UDPClient.swift' = {
            isa = PBXFileReference;
            lastKnownFileType = sourcecode.swift;
            name = 'UDPClient.swift';
            sourceTree = '<group>';
        };
        ______Target_Socks = {
            isa = PBXNativeTarget;
            buildConfigurationList = _______Confs_Socks;
            buildPhases = (CompilePhase_Socks, ___LinkPhase_Socks);
            buildRules = ();
            dependencies = (__Dependency_SocksCore);
            name = Socks;
            productName = Socks;
            productReference = _____Product_Socks;
            productType = 'com.apple.product-type.framework';
        };
        _____Product_Socks = {
            isa = PBXFileReference;
            explicitFileType = 'wrapper.framework';
            path = 'Socks.framework';
            sourceTree = BUILT_PRODUCTS_DIR;
        };
        CompilePhase_Socks = {
            isa = PBXSourcesBuildPhase;
            files = ('__src_cc_ref_Packages/Socks-0.7.0/Sources/Socks/Socks.swift', '__src_cc_ref_Packages/Socks-0.7.0/Sources/Socks/SynchronousTCPServer.swift', '__src_cc_ref_Packages/Socks-0.7.0/Sources/Socks/SynchronousUDPServer.swift', '__src_cc_ref_Packages/Socks-0.7.0/Sources/Socks/TCPClient.swift', '__src_cc_ref_Packages/Socks-0.7.0/Sources/Socks/UDPClient.swift');
            runOnlyForDeploymentPostprocessing = 0;
        };
        '__src_cc_ref_Packages/Socks-0.7.0/Sources/Socks/Socks.swift' = {
            isa = PBXBuildFile;
            fileRef = '__PBXFileRef_Packages/Socks-0.7.0/Sources/Socks/Socks.swift';
        };
        '__src_cc_ref_Packages/Socks-0.7.0/Sources/Socks/SynchronousTCPServer.swift' = {
            isa = PBXBuildFile;
            fileRef = '__PBXFileRef_Packages/Socks-0.7.0/Sources/Socks/SynchronousTCPServer.swift';
        };
        '__src_cc_ref_Packages/Socks-0.7.0/Sources/Socks/SynchronousUDPServer.swift' = {
            isa = PBXBuildFile;
            fileRef = '__PBXFileRef_Packages/Socks-0.7.0/Sources/Socks/SynchronousUDPServer.swift';
        };
        '__src_cc_ref_Packages/Socks-0.7.0/Sources/Socks/TCPClient.swift' = {
            isa = PBXBuildFile;
            fileRef = '__PBXFileRef_Packages/Socks-0.7.0/Sources/Socks/TCPClient.swift';
        };
        '__src_cc_ref_Packages/Socks-0.7.0/Sources/Socks/UDPClient.swift' = {
            isa = PBXBuildFile;
            fileRef = '__PBXFileRef_Packages/Socks-0.7.0/Sources/Socks/UDPClient.swift';
        };
        ___LinkPhase_Socks = {
            isa = PBXFrameworksBuildPhase;
            files = (_LinkFileRef_SocksCore_via_Socks);
            runOnlyForDeploymentPostprocessing = 0;
        };
        _LinkFileRef_SocksCore_via_Socks = {
            isa = PBXBuildFile;
            fileRef = _____Product_SocksCore;
        };
        _______Confs_Socks = {
            isa = XCConfigurationList;
            buildConfigurations = (___DebugConf_Socks, _ReleaseConf_Socks);
            defaultConfigurationIsVisible = 0;
            defaultConfigurationName = Debug;
        };
        ___DebugConf_Socks = {
            isa = XCBuildConfiguration;
            buildSettings = { LD_RUNPATH_SEARCH_PATHS = '$(TOOLCHAIN_DIR)/usr/lib/swift/macosx'; PRODUCT_MODULE_NAME = '$(TARGET_NAME:c99extidentifier)'; ENABLE_TESTABILITY = 'YES'; OTHER_SWIFT_FLAGS = '$(inherited)'; INFOPLIST_FILE = 'SecretSocks.xcodeproj/Socks_Info.plist'; FRAMEWORK_SEARCH_PATHS = '$(PLATFORM_DIR)/Developer/Library/Frameworks'; SWIFT_OPTIMIZATION_LEVEL = '-Onone'; OTHER_LDFLAGS = '$(inherited)'; PRODUCT_NAME = '$(TARGET_NAME:c99extidentifier)'; };
            name = Debug;
        };
        _ReleaseConf_Socks = {
            isa = XCBuildConfiguration;
            buildSettings = { LD_RUNPATH_SEARCH_PATHS = '$(TOOLCHAIN_DIR)/usr/lib/swift/macosx'; PRODUCT_MODULE_NAME = '$(TARGET_NAME:c99extidentifier)'; ENABLE_TESTABILITY = 'YES'; OTHER_SWIFT_FLAGS = '$(inherited)'; INFOPLIST_FILE = 'SecretSocks.xcodeproj/Socks_Info.plist'; FRAMEWORK_SEARCH_PATHS = '$(PLATFORM_DIR)/Developer/Library/Frameworks'; OTHER_LDFLAGS = '$(inherited)'; PRODUCT_NAME = '$(TARGET_NAME:c99extidentifier)'; };
            name = Release;
        };
        __Dependency_Socks = {
            isa = PBXTargetDependency;
            target = ______Target_Socks;
        };
        __PBXFileRef_SocksCore_Info.plist = {
            isa = PBXFileReference;
            lastKnownFileType = text.plist.xml;
            name = 'SocksCore_Info.plist';
            path = 'SecretSocks.xcodeproj/SocksCore_Info.plist';
            sourceTree = SOURCE_ROOT;
        };
        _______Group_SocksCore = {
            isa = PBXGroup;
            name = SocksCore;
            path = 'Packages/Socks-0.7.0/Sources/SocksCore';
            sourceTree = '<group>';
            children = ('__PBXFileRef_Packages/Socks-0.7.0/Sources/SocksCore/Address+C.swift', '__PBXFileRef_Packages/Socks-0.7.0/Sources/SocksCore/Address.swift', '__PBXFileRef_Packages/Socks-0.7.0/Sources/SocksCore/Bytes.swift', '__PBXFileRef_Packages/Socks-0.7.0/Sources/SocksCore/Conversions.swift', '__PBXFileRef_Packages/Socks-0.7.0/Sources/SocksCore/Error.swift', '__PBXFileRef_Packages/Socks-0.7.0/Sources/SocksCore/FDSet.swift', '__PBXFileRef_Packages/Socks-0.7.0/Sources/SocksCore/InternetSocket.swift', '__PBXFileRef_Packages/Socks-0.7.0/Sources/SocksCore/Pipe.swift', '__PBXFileRef_Packages/Socks-0.7.0/Sources/SocksCore/Select.swift', '__PBXFileRef_Packages/Socks-0.7.0/Sources/SocksCore/Socket.swift', '__PBXFileRef_Packages/Socks-0.7.0/Sources/SocksCore/SocketOptions.swift', '__PBXFileRef_Packages/Socks-0.7.0/Sources/SocksCore/TCPSocket.swift', '__PBXFileRef_Packages/Socks-0.7.0/Sources/SocksCore/Types.swift', '__PBXFileRef_Packages/Socks-0.7.0/Sources/SocksCore/UDPSocket.swift', __PBXFileRef_SocksCore_Info.plist);
        };
        '__PBXFileRef_Packages/Socks-0.7.0/Sources/SocksCore/Address+C.swift' = {
            isa = PBXFileReference;
            lastKnownFileType = sourcecode.swift;
            name = 'Address+C.swift';
            sourceTree = '<group>';
        };
        '__PBXFileRef_Packages/Socks-0.7.0/Sources/SocksCore/Address.swift' = {
            isa = PBXFileReference;
            lastKnownFileType = sourcecode.swift;
            name = 'Address.swift';
            sourceTree = '<group>';
        };
        '__PBXFileRef_Packages/Socks-0.7.0/Sources/SocksCore/Bytes.swift' = {
            isa = PBXFileReference;
            lastKnownFileType = sourcecode.swift;
            name = 'Bytes.swift';
            sourceTree = '<group>';
        };
        '__PBXFileRef_Packages/Socks-0.7.0/Sources/SocksCore/Conversions.swift' = {
            isa = PBXFileReference;
            lastKnownFileType = sourcecode.swift;
            name = 'Conversions.swift';
            sourceTree = '<group>';
        };
        '__PBXFileRef_Packages/Socks-0.7.0/Sources/SocksCore/Error.swift' = {
            isa = PBXFileReference;
            lastKnownFileType = sourcecode.swift;
            name = 'Error.swift';
            sourceTree = '<group>';
        };
        '__PBXFileRef_Packages/Socks-0.7.0/Sources/SocksCore/FDSet.swift' = {
            isa = PBXFileReference;
            lastKnownFileType = sourcecode.swift;
            name = 'FDSet.swift';
            sourceTree = '<group>';
        };
        '__PBXFileRef_Packages/Socks-0.7.0/Sources/SocksCore/InternetSocket.swift' = {
            isa = PBXFileReference;
            lastKnownFileType = sourcecode.swift;
            name = 'InternetSocket.swift';
            sourceTree = '<group>';
        };
        '__PBXFileRef_Packages/Socks-0.7.0/Sources/SocksCore/Pipe.swift' = {
            isa = PBXFileReference;
            lastKnownFileType = sourcecode.swift;
            name = 'Pipe.swift';
            sourceTree = '<group>';
        };
        '__PBXFileRef_Packages/Socks-0.7.0/Sources/SocksCore/Select.swift' = {
            isa = PBXFileReference;
            lastKnownFileType = sourcecode.swift;
            name = 'Select.swift';
            sourceTree = '<group>';
        };
        '__PBXFileRef_Packages/Socks-0.7.0/Sources/SocksCore/Socket.swift' = {
            isa = PBXFileReference;
            lastKnownFileType = sourcecode.swift;
            name = 'Socket.swift';
            sourceTree = '<group>';
        };
        '__PBXFileRef_Packages/Socks-0.7.0/Sources/SocksCore/SocketOptions.swift' = {
            isa = PBXFileReference;
            lastKnownFileType = sourcecode.swift;
            name = 'SocketOptions.swift';
            sourceTree = '<group>';
        };
        '__PBXFileRef_Packages/Socks-0.7.0/Sources/SocksCore/TCPSocket.swift' = {
            isa = PBXFileReference;
            lastKnownFileType = sourcecode.swift;
            name = 'TCPSocket.swift';
            sourceTree = '<group>';
        };
        '__PBXFileRef_Packages/Socks-0.7.0/Sources/SocksCore/Types.swift' = {
            isa = PBXFileReference;
            lastKnownFileType = sourcecode.swift;
            name = 'Types.swift';
            sourceTree = '<group>';
        };
        '__PBXFileRef_Packages/Socks-0.7.0/Sources/SocksCore/UDPSocket.swift' = {
            isa = PBXFileReference;
            lastKnownFileType = sourcecode.swift;
            name = 'UDPSocket.swift';
            sourceTree = '<group>';
        };
        ______Target_SocksCore = {
            isa = PBXNativeTarget;
            buildConfigurationList = _______Confs_SocksCore;
            buildPhases = (CompilePhase_SocksCore, ___LinkPhase_SocksCore);
            buildRules = ();
            dependencies = ();
            name = SocksCore;
            productName = SocksCore;
            productReference = _____Product_SocksCore;
            productType = 'com.apple.product-type.framework';
        };
        _____Product_SocksCore = {
            isa = PBXFileReference;
            explicitFileType = 'wrapper.framework';
            path = 'SocksCore.framework';
            sourceTree = BUILT_PRODUCTS_DIR;
        };
        CompilePhase_SocksCore = {
            isa = PBXSourcesBuildPhase;
            files = ('__src_cc_ref_Packages/Socks-0.7.0/Sources/SocksCore/Address+C.swift', '__src_cc_ref_Packages/Socks-0.7.0/Sources/SocksCore/Address.swift', '__src_cc_ref_Packages/Socks-0.7.0/Sources/SocksCore/Bytes.swift', '__src_cc_ref_Packages/Socks-0.7.0/Sources/SocksCore/Conversions.swift', '__src_cc_ref_Packages/Socks-0.7.0/Sources/SocksCore/Error.swift', '__src_cc_ref_Packages/Socks-0.7.0/Sources/SocksCore/FDSet.swift', '__src_cc_ref_Packages/Socks-0.7.0/Sources/SocksCore/InternetSocket.swift', '__src_cc_ref_Packages/Socks-0.7.0/Sources/SocksCore/Pipe.swift', '__src_cc_ref_Packages/Socks-0.7.0/Sources/SocksCore/Select.swift', '__src_cc_ref_Packages/Socks-0.7.0/Sources/SocksCore/Socket.swift', '__src_cc_ref_Packages/Socks-0.7.0/Sources/SocksCore/SocketOptions.swift', '__src_cc_ref_Packages/Socks-0.7.0/Sources/SocksCore/TCPSocket.swift', '__src_cc_ref_Packages/Socks-0.7.0/Sources/SocksCore/Types.swift', '__src_cc_ref_Packages/Socks-0.7.0/Sources/SocksCore/UDPSocket.swift');
            runOnlyForDeploymentPostprocessing = 0;
        };
        '__src_cc_ref_Packages/Socks-0.7.0/Sources/SocksCore/Address+C.swift' = {
            isa = PBXBuildFile;
            fileRef = '__PBXFileRef_Packages/Socks-0.7.0/Sources/SocksCore/Address+C.swift';
        };
        '__src_cc_ref_Packages/Socks-0.7.0/Sources/SocksCore/Address.swift' = {
            isa = PBXBuildFile;
            fileRef = '__PBXFileRef_Packages/Socks-0.7.0/Sources/SocksCore/Address.swift';
        };
        '__src_cc_ref_Packages/Socks-0.7.0/Sources/SocksCore/Bytes.swift' = {
            isa = PBXBuildFile;
            fileRef = '__PBXFileRef_Packages/Socks-0.7.0/Sources/SocksCore/Bytes.swift';
        };
        '__src_cc_ref_Packages/Socks-0.7.0/Sources/SocksCore/Conversions.swift' = {
            isa = PBXBuildFile;
            fileRef = '__PBXFileRef_Packages/Socks-0.7.0/Sources/SocksCore/Conversions.swift';
        };
        '__src_cc_ref_Packages/Socks-0.7.0/Sources/SocksCore/Error.swift' = {
            isa = PBXBuildFile;
            fileRef = '__PBXFileRef_Packages/Socks-0.7.0/Sources/SocksCore/Error.swift';
        };
        '__src_cc_ref_Packages/Socks-0.7.0/Sources/SocksCore/FDSet.swift' = {
            isa = PBXBuildFile;
            fileRef = '__PBXFileRef_Packages/Socks-0.7.0/Sources/SocksCore/FDSet.swift';
        };
        '__src_cc_ref_Packages/Socks-0.7.0/Sources/SocksCore/InternetSocket.swift' = {
            isa = PBXBuildFile;
            fileRef = '__PBXFileRef_Packages/Socks-0.7.0/Sources/SocksCore/InternetSocket.swift';
        };
        '__src_cc_ref_Packages/Socks-0.7.0/Sources/SocksCore/Pipe.swift' = {
            isa = PBXBuildFile;
            fileRef = '__PBXFileRef_Packages/Socks-0.7.0/Sources/SocksCore/Pipe.swift';
        };
        '__src_cc_ref_Packages/Socks-0.7.0/Sources/SocksCore/Select.swift' = {
            isa = PBXBuildFile;
            fileRef = '__PBXFileRef_Packages/Socks-0.7.0/Sources/SocksCore/Select.swift';
        };
        '__src_cc_ref_Packages/Socks-0.7.0/Sources/SocksCore/Socket.swift' = {
            isa = PBXBuildFile;
            fileRef = '__PBXFileRef_Packages/Socks-0.7.0/Sources/SocksCore/Socket.swift';
        };
        '__src_cc_ref_Packages/Socks-0.7.0/Sources/SocksCore/SocketOptions.swift' = {
            isa = PBXBuildFile;
            fileRef = '__PBXFileRef_Packages/Socks-0.7.0/Sources/SocksCore/SocketOptions.swift';
        };
        '__src_cc_ref_Packages/Socks-0.7.0/Sources/SocksCore/TCPSocket.swift' = {
            isa = PBXBuildFile;
            fileRef = '__PBXFileRef_Packages/Socks-0.7.0/Sources/SocksCore/TCPSocket.swift';
        };
        '__src_cc_ref_Packages/Socks-0.7.0/Sources/SocksCore/Types.swift' = {
            isa = PBXBuildFile;
            fileRef = '__PBXFileRef_Packages/Socks-0.7.0/Sources/SocksCore/Types.swift';
        };
        '__src_cc_ref_Packages/Socks-0.7.0/Sources/SocksCore/UDPSocket.swift' = {
            isa = PBXBuildFile;
            fileRef = '__PBXFileRef_Packages/Socks-0.7.0/Sources/SocksCore/UDPSocket.swift';
        };
        ___LinkPhase_SocksCore = {
            isa = PBXFrameworksBuildPhase;
            files = ();
            runOnlyForDeploymentPostprocessing = 0;
        };
        _______Confs_SocksCore = {
            isa = XCConfigurationList;
            buildConfigurations = (___DebugConf_SocksCore, _ReleaseConf_SocksCore);
            defaultConfigurationIsVisible = 0;
            defaultConfigurationName = Debug;
        };
        ___DebugConf_SocksCore = {
            isa = XCBuildConfiguration;
            buildSettings = { LD_RUNPATH_SEARCH_PATHS = '$(TOOLCHAIN_DIR)/usr/lib/swift/macosx'; PRODUCT_MODULE_NAME = '$(TARGET_NAME:c99extidentifier)'; ENABLE_TESTABILITY = 'YES'; OTHER_SWIFT_FLAGS = '$(inherited)'; INFOPLIST_FILE = 'SecretSocks.xcodeproj/SocksCore_Info.plist'; FRAMEWORK_SEARCH_PATHS = '$(PLATFORM_DIR)/Developer/Library/Frameworks'; SWIFT_OPTIMIZATION_LEVEL = '-Onone'; OTHER_LDFLAGS = '$(inherited)'; PRODUCT_NAME = '$(TARGET_NAME:c99extidentifier)'; };
            name = Debug;
        };
        _ReleaseConf_SocksCore = {
            isa = XCBuildConfiguration;
            buildSettings = { LD_RUNPATH_SEARCH_PATHS = '$(TOOLCHAIN_DIR)/usr/lib/swift/macosx'; PRODUCT_MODULE_NAME = '$(TARGET_NAME:c99extidentifier)'; ENABLE_TESTABILITY = 'YES'; OTHER_SWIFT_FLAGS = '$(inherited)'; INFOPLIST_FILE = 'SecretSocks.xcodeproj/SocksCore_Info.plist'; FRAMEWORK_SEARCH_PATHS = '$(PLATFORM_DIR)/Developer/Library/Frameworks'; OTHER_LDFLAGS = '$(inherited)'; PRODUCT_NAME = '$(TARGET_NAME:c99extidentifier)'; };
            name = Release;
        };
        __Dependency_SocksCore = {
            isa = PBXTargetDependency;
            target = ______Target_SocksCore;
        };
        _______Group_SocksCoreExampleTCPClient = {
            isa = PBXGroup;
            name = SocksCoreExampleTCPClient;
            path = 'Packages/Socks-0.7.0/Sources/SocksCoreExampleTCPClient';
            sourceTree = '<group>';
            children = ('__PBXFileRef_Packages/Socks-0.7.0/Sources/SocksCoreExampleTCPClient/main.swift');
        };
        '__PBXFileRef_Packages/Socks-0.7.0/Sources/SocksCoreExampleTCPClient/main.swift' = {
            isa = PBXFileReference;
            lastKnownFileType = sourcecode.swift;
            name = 'main.swift';
            sourceTree = '<group>';
        };
        ______Target_SocksCoreExampleTCPClient = {
            isa = PBXNativeTarget;
            buildConfigurationList = _______Confs_SocksCoreExampleTCPClient;
            buildPhases = (CompilePhase_SocksCoreExampleTCPClient, ___LinkPhase_SocksCoreExampleTCPClient);
            buildRules = ();
            dependencies = (__Dependency_SocksCore);
            name = SocksCoreExampleTCPClient;
            productName = SocksCoreExampleTCPClient;
            productReference = _____Product_SocksCoreExampleTCPClient;
            productType = 'com.apple.product-type.tool';
        };
        _____Product_SocksCoreExampleTCPClient = {
            isa = PBXFileReference;
            explicitFileType = 'compiled.mach-o.executable';
            path = 'SocksCoreExampleTCPClient';
            sourceTree = BUILT_PRODUCTS_DIR;
        };
        CompilePhase_SocksCoreExampleTCPClient = {
            isa = PBXSourcesBuildPhase;
            files = ('__src_cc_ref_Packages/Socks-0.7.0/Sources/SocksCoreExampleTCPClient/main.swift');
            runOnlyForDeploymentPostprocessing = 0;
        };
        '__src_cc_ref_Packages/Socks-0.7.0/Sources/SocksCoreExampleTCPClient/main.swift' = {
            isa = PBXBuildFile;
            fileRef = '__PBXFileRef_Packages/Socks-0.7.0/Sources/SocksCoreExampleTCPClient/main.swift';
        };
        ___LinkPhase_SocksCoreExampleTCPClient = {
            isa = PBXFrameworksBuildPhase;
            files = (_LinkFileRef_SocksCore_via_SocksCoreExampleTCPClient);
            runOnlyForDeploymentPostprocessing = 0;
        };
        _LinkFileRef_SocksCore_via_SocksCoreExampleTCPClient = {
            isa = PBXBuildFile;
            fileRef = _____Product_SocksCore;
        };
        _______Confs_SocksCoreExampleTCPClient = {
            isa = XCConfigurationList;
            buildConfigurations = (___DebugConf_SocksCoreExampleTCPClient, _ReleaseConf_SocksCoreExampleTCPClient);
            defaultConfigurationIsVisible = 0;
            defaultConfigurationName = Debug;
        };
        ___DebugConf_SocksCoreExampleTCPClient = {
            isa = XCBuildConfiguration;
            buildSettings = { LD_RUNPATH_SEARCH_PATHS = '$(TOOLCHAIN_DIR)/usr/lib/swift/macosx @executable_path'; FRAMEWORK_SEARCH_PATHS = '$(PLATFORM_DIR)/Developer/Library/Frameworks'; OTHER_SWIFT_FLAGS = '$(inherited)'; SWIFT_FORCE_STATIC_LINK_STDLIB = 'NO'; SWIFT_FORCE_DYNAMIC_LINK_STDLIB = 'YES'; SWIFT_OPTIMIZATION_LEVEL = '-Onone'; OTHER_LDFLAGS = '$(inherited)'; };
            name = Debug;
        };
        _ReleaseConf_SocksCoreExampleTCPClient = {
            isa = XCBuildConfiguration;
            buildSettings = { OTHER_SWIFT_FLAGS = '$(inherited)'; LD_RUNPATH_SEARCH_PATHS = '$(TOOLCHAIN_DIR)/usr/lib/swift/macosx @executable_path'; FRAMEWORK_SEARCH_PATHS = '$(PLATFORM_DIR)/Developer/Library/Frameworks'; SWIFT_FORCE_STATIC_LINK_STDLIB = 'NO'; SWIFT_FORCE_DYNAMIC_LINK_STDLIB = 'YES'; OTHER_LDFLAGS = '$(inherited)'; };
            name = Release;
        };
        __Dependency_SocksCoreExampleTCPClient = {
            isa = PBXTargetDependency;
            target = ______Target_SocksCoreExampleTCPClient;
        };
        _______Group_SocksCoreExampleTCPKeepAliveServer = {
            isa = PBXGroup;
            name = SocksCoreExampleTCPKeepAliveServer;
            path = 'Packages/Socks-0.7.0/Sources/SocksCoreExampleTCPKeepAliveServer';
            sourceTree = '<group>';
            children = ('__PBXFileRef_Packages/Socks-0.7.0/Sources/SocksCoreExampleTCPKeepAliveServer/main.swift');
        };
        '__PBXFileRef_Packages/Socks-0.7.0/Sources/SocksCoreExampleTCPKeepAliveServer/main.swift' = {
            isa = PBXFileReference;
            lastKnownFileType = sourcecode.swift;
            name = 'main.swift';
            sourceTree = '<group>';
        };
        ______Target_SocksCoreExampleTCPKeepAliveServer = {
            isa = PBXNativeTarget;
            buildConfigurationList = _______Confs_SocksCoreExampleTCPKeepAliveServer;
            buildPhases = (CompilePhase_SocksCoreExampleTCPKeepAliveServer, ___LinkPhase_SocksCoreExampleTCPKeepAliveServer);
            buildRules = ();
            dependencies = (__Dependency_Socks);
            name = SocksCoreExampleTCPKeepAliveServer;
            productName = SocksCoreExampleTCPKeepAliveServer;
            productReference = _____Product_SocksCoreExampleTCPKeepAliveServer;
            productType = 'com.apple.product-type.tool';
        };
        _____Product_SocksCoreExampleTCPKeepAliveServer = {
            isa = PBXFileReference;
            explicitFileType = 'compiled.mach-o.executable';
            path = 'SocksCoreExampleTCPKeepAliveServer';
            sourceTree = BUILT_PRODUCTS_DIR;
        };
        CompilePhase_SocksCoreExampleTCPKeepAliveServer = {
            isa = PBXSourcesBuildPhase;
            files = ('__src_cc_ref_Packages/Socks-0.7.0/Sources/SocksCoreExampleTCPKeepAliveServer/main.swift');
            runOnlyForDeploymentPostprocessing = 0;
        };
        '__src_cc_ref_Packages/Socks-0.7.0/Sources/SocksCoreExampleTCPKeepAliveServer/main.swift' = {
            isa = PBXBuildFile;
            fileRef = '__PBXFileRef_Packages/Socks-0.7.0/Sources/SocksCoreExampleTCPKeepAliveServer/main.swift';
        };
        ___LinkPhase_SocksCoreExampleTCPKeepAliveServer = {
            isa = PBXFrameworksBuildPhase;
            files = (_LinkFileRef_Socks_via_SocksCoreExampleTCPKeepAliveServer, _LinkFileRef_SocksCore_via_SocksCoreExampleTCPKeepAliveServer);
            runOnlyForDeploymentPostprocessing = 0;
        };
        _LinkFileRef_Socks_via_SocksCoreExampleTCPKeepAliveServer = {
            isa = PBXBuildFile;
            fileRef = _____Product_Socks;
        };
        _LinkFileRef_SocksCore_via_SocksCoreExampleTCPKeepAliveServer = {
            isa = PBXBuildFile;
            fileRef = _____Product_SocksCore;
        };
        _______Confs_SocksCoreExampleTCPKeepAliveServer = {
            isa = XCConfigurationList;
            buildConfigurations = (___DebugConf_SocksCoreExampleTCPKeepAliveServer, _ReleaseConf_SocksCoreExampleTCPKeepAliveServer);
            defaultConfigurationIsVisible = 0;
            defaultConfigurationName = Debug;
        };
        ___DebugConf_SocksCoreExampleTCPKeepAliveServer = {
            isa = XCBuildConfiguration;
            buildSettings = { LD_RUNPATH_SEARCH_PATHS = '$(TOOLCHAIN_DIR)/usr/lib/swift/macosx @executable_path'; FRAMEWORK_SEARCH_PATHS = '$(PLATFORM_DIR)/Developer/Library/Frameworks'; OTHER_SWIFT_FLAGS = '$(inherited)'; SWIFT_FORCE_STATIC_LINK_STDLIB = 'NO'; SWIFT_FORCE_DYNAMIC_LINK_STDLIB = 'YES'; SWIFT_OPTIMIZATION_LEVEL = '-Onone'; OTHER_LDFLAGS = '$(inherited)'; };
            name = Debug;
        };
        _ReleaseConf_SocksCoreExampleTCPKeepAliveServer = {
            isa = XCBuildConfiguration;
            buildSettings = { OTHER_SWIFT_FLAGS = '$(inherited)'; LD_RUNPATH_SEARCH_PATHS = '$(TOOLCHAIN_DIR)/usr/lib/swift/macosx @executable_path'; FRAMEWORK_SEARCH_PATHS = '$(PLATFORM_DIR)/Developer/Library/Frameworks'; SWIFT_FORCE_STATIC_LINK_STDLIB = 'NO'; SWIFT_FORCE_DYNAMIC_LINK_STDLIB = 'YES'; OTHER_LDFLAGS = '$(inherited)'; };
            name = Release;
        };
        __Dependency_SocksCoreExampleTCPKeepAliveServer = {
            isa = PBXTargetDependency;
            target = ______Target_SocksCoreExampleTCPKeepAliveServer;
        };
        _______Group_SocksCoreExampleTCPServer = {
            isa = PBXGroup;
            name = SocksCoreExampleTCPServer;
            path = 'Packages/Socks-0.7.0/Sources/SocksCoreExampleTCPServer';
            sourceTree = '<group>';
            children = ('__PBXFileRef_Packages/Socks-0.7.0/Sources/SocksCoreExampleTCPServer/main.swift');
        };
        '__PBXFileRef_Packages/Socks-0.7.0/Sources/SocksCoreExampleTCPServer/main.swift' = {
            isa = PBXFileReference;
            lastKnownFileType = sourcecode.swift;
            name = 'main.swift';
            sourceTree = '<group>';
        };
        ______Target_SocksCoreExampleTCPServer = {
            isa = PBXNativeTarget;
            buildConfigurationList = _______Confs_SocksCoreExampleTCPServer;
            buildPhases = (CompilePhase_SocksCoreExampleTCPServer, ___LinkPhase_SocksCoreExampleTCPServer);
            buildRules = ();
            dependencies = (__Dependency_SocksCore);
            name = SocksCoreExampleTCPServer;
            productName = SocksCoreExampleTCPServer;
            productReference = _____Product_SocksCoreExampleTCPServer;
            productType = 'com.apple.product-type.tool';
        };
        _____Product_SocksCoreExampleTCPServer = {
            isa = PBXFileReference;
            explicitFileType = 'compiled.mach-o.executable';
            path = 'SocksCoreExampleTCPServer';
            sourceTree = BUILT_PRODUCTS_DIR;
        };
        CompilePhase_SocksCoreExampleTCPServer = {
            isa = PBXSourcesBuildPhase;
            files = ('__src_cc_ref_Packages/Socks-0.7.0/Sources/SocksCoreExampleTCPServer/main.swift');
            runOnlyForDeploymentPostprocessing = 0;
        };
        '__src_cc_ref_Packages/Socks-0.7.0/Sources/SocksCoreExampleTCPServer/main.swift' = {
            isa = PBXBuildFile;
            fileRef = '__PBXFileRef_Packages/Socks-0.7.0/Sources/SocksCoreExampleTCPServer/main.swift';
        };
        ___LinkPhase_SocksCoreExampleTCPServer = {
            isa = PBXFrameworksBuildPhase;
            files = (_LinkFileRef_SocksCore_via_SocksCoreExampleTCPServer);
            runOnlyForDeploymentPostprocessing = 0;
        };
        _LinkFileRef_SocksCore_via_SocksCoreExampleTCPServer = {
            isa = PBXBuildFile;
            fileRef = _____Product_SocksCore;
        };
        _______Confs_SocksCoreExampleTCPServer = {
            isa = XCConfigurationList;
            buildConfigurations = (___DebugConf_SocksCoreExampleTCPServer, _ReleaseConf_SocksCoreExampleTCPServer);
            defaultConfigurationIsVisible = 0;
            defaultConfigurationName = Debug;
        };
        ___DebugConf_SocksCoreExampleTCPServer = {
            isa = XCBuildConfiguration;
            buildSettings = { LD_RUNPATH_SEARCH_PATHS = '$(TOOLCHAIN_DIR)/usr/lib/swift/macosx @executable_path'; FRAMEWORK_SEARCH_PATHS = '$(PLATFORM_DIR)/Developer/Library/Frameworks'; OTHER_SWIFT_FLAGS = '$(inherited)'; SWIFT_FORCE_STATIC_LINK_STDLIB = 'NO'; SWIFT_FORCE_DYNAMIC_LINK_STDLIB = 'YES'; SWIFT_OPTIMIZATION_LEVEL = '-Onone'; OTHER_LDFLAGS = '$(inherited)'; };
            name = Debug;
        };
        _ReleaseConf_SocksCoreExampleTCPServer = {
            isa = XCBuildConfiguration;
            buildSettings = { OTHER_SWIFT_FLAGS = '$(inherited)'; LD_RUNPATH_SEARCH_PATHS = '$(TOOLCHAIN_DIR)/usr/lib/swift/macosx @executable_path'; FRAMEWORK_SEARCH_PATHS = '$(PLATFORM_DIR)/Developer/Library/Frameworks'; SWIFT_FORCE_STATIC_LINK_STDLIB = 'NO'; SWIFT_FORCE_DYNAMIC_LINK_STDLIB = 'YES'; OTHER_LDFLAGS = '$(inherited)'; };
            name = Release;
        };
        __Dependency_SocksCoreExampleTCPServer = {
            isa = PBXTargetDependency;
            target = ______Target_SocksCoreExampleTCPServer;
        };
        _______Group_SocksExampleTCPClient = {
            isa = PBXGroup;
            name = SocksExampleTCPClient;
            path = 'Packages/Socks-0.7.0/Sources/SocksExampleTCPClient';
            sourceTree = '<group>';
            children = ('__PBXFileRef_Packages/Socks-0.7.0/Sources/SocksExampleTCPClient/main.swift');
        };
        '__PBXFileRef_Packages/Socks-0.7.0/Sources/SocksExampleTCPClient/main.swift' = {
            isa = PBXFileReference;
            lastKnownFileType = sourcecode.swift;
            name = 'main.swift';
            sourceTree = '<group>';
        };
        ______Target_SocksExampleTCPClient = {
            isa = PBXNativeTarget;
            buildConfigurationList = _______Confs_SocksExampleTCPClient;
            buildPhases = (CompilePhase_SocksExampleTCPClient, ___LinkPhase_SocksExampleTCPClient);
            buildRules = ();
            dependencies = (__Dependency_Socks);
            name = SocksExampleTCPClient;
            productName = SocksExampleTCPClient;
            productReference = _____Product_SocksExampleTCPClient;
            productType = 'com.apple.product-type.tool';
        };
        _____Product_SocksExampleTCPClient = {
            isa = PBXFileReference;
            explicitFileType = 'compiled.mach-o.executable';
            path = 'SocksExampleTCPClient';
            sourceTree = BUILT_PRODUCTS_DIR;
        };
        CompilePhase_SocksExampleTCPClient = {
            isa = PBXSourcesBuildPhase;
            files = ('__src_cc_ref_Packages/Socks-0.7.0/Sources/SocksExampleTCPClient/main.swift');
            runOnlyForDeploymentPostprocessing = 0;
        };
        '__src_cc_ref_Packages/Socks-0.7.0/Sources/SocksExampleTCPClient/main.swift' = {
            isa = PBXBuildFile;
            fileRef = '__PBXFileRef_Packages/Socks-0.7.0/Sources/SocksExampleTCPClient/main.swift';
        };
        ___LinkPhase_SocksExampleTCPClient = {
            isa = PBXFrameworksBuildPhase;
            files = (_LinkFileRef_Socks_via_SocksExampleTCPClient, _LinkFileRef_SocksCore_via_SocksExampleTCPClient);
            runOnlyForDeploymentPostprocessing = 0;
        };
        _LinkFileRef_Socks_via_SocksExampleTCPClient = {
            isa = PBXBuildFile;
            fileRef = _____Product_Socks;
        };
        _LinkFileRef_SocksCore_via_SocksExampleTCPClient = {
            isa = PBXBuildFile;
            fileRef = _____Product_SocksCore;
        };
        _______Confs_SocksExampleTCPClient = {
            isa = XCConfigurationList;
            buildConfigurations = (___DebugConf_SocksExampleTCPClient, _ReleaseConf_SocksExampleTCPClient);
            defaultConfigurationIsVisible = 0;
            defaultConfigurationName = Debug;
        };
        ___DebugConf_SocksExampleTCPClient = {
            isa = XCBuildConfiguration;
            buildSettings = { LD_RUNPATH_SEARCH_PATHS = '$(TOOLCHAIN_DIR)/usr/lib/swift/macosx @executable_path'; FRAMEWORK_SEARCH_PATHS = '$(PLATFORM_DIR)/Developer/Library/Frameworks'; OTHER_SWIFT_FLAGS = '$(inherited)'; SWIFT_FORCE_STATIC_LINK_STDLIB = 'NO'; SWIFT_FORCE_DYNAMIC_LINK_STDLIB = 'YES'; SWIFT_OPTIMIZATION_LEVEL = '-Onone'; OTHER_LDFLAGS = '$(inherited)'; };
            name = Debug;
        };
        _ReleaseConf_SocksExampleTCPClient = {
            isa = XCBuildConfiguration;
            buildSettings = { OTHER_SWIFT_FLAGS = '$(inherited)'; LD_RUNPATH_SEARCH_PATHS = '$(TOOLCHAIN_DIR)/usr/lib/swift/macosx @executable_path'; FRAMEWORK_SEARCH_PATHS = '$(PLATFORM_DIR)/Developer/Library/Frameworks'; SWIFT_FORCE_STATIC_LINK_STDLIB = 'NO'; SWIFT_FORCE_DYNAMIC_LINK_STDLIB = 'YES'; OTHER_LDFLAGS = '$(inherited)'; };
            name = Release;
        };
        __Dependency_SocksExampleTCPClient = {
            isa = PBXTargetDependency;
            target = ______Target_SocksExampleTCPClient;
        };
        _______Group_SocksExampleTCPServer = {
            isa = PBXGroup;
            name = SocksExampleTCPServer;
            path = 'Packages/Socks-0.7.0/Sources/SocksExampleTCPServer';
            sourceTree = '<group>';
            children = ('__PBXFileRef_Packages/Socks-0.7.0/Sources/SocksExampleTCPServer/main.swift');
        };
        '__PBXFileRef_Packages/Socks-0.7.0/Sources/SocksExampleTCPServer/main.swift' = {
            isa = PBXFileReference;
            lastKnownFileType = sourcecode.swift;
            name = 'main.swift';
            sourceTree = '<group>';
        };
        ______Target_SocksExampleTCPServer = {
            isa = PBXNativeTarget;
            buildConfigurationList = _______Confs_SocksExampleTCPServer;
            buildPhases = (CompilePhase_SocksExampleTCPServer, ___LinkPhase_SocksExampleTCPServer);
            buildRules = ();
            dependencies = (__Dependency_Socks);
            name = SocksExampleTCPServer;
            productName = SocksExampleTCPServer;
            productReference = _____Product_SocksExampleTCPServer;
            productType = 'com.apple.product-type.tool';
        };
        _____Product_SocksExampleTCPServer = {
            isa = PBXFileReference;
            explicitFileType = 'compiled.mach-o.executable';
            path = 'SocksExampleTCPServer';
            sourceTree = BUILT_PRODUCTS_DIR;
        };
        CompilePhase_SocksExampleTCPServer = {
            isa = PBXSourcesBuildPhase;
            files = ('__src_cc_ref_Packages/Socks-0.7.0/Sources/SocksExampleTCPServer/main.swift');
            runOnlyForDeploymentPostprocessing = 0;
        };
        '__src_cc_ref_Packages/Socks-0.7.0/Sources/SocksExampleTCPServer/main.swift' = {
            isa = PBXBuildFile;
            fileRef = '__PBXFileRef_Packages/Socks-0.7.0/Sources/SocksExampleTCPServer/main.swift';
        };
        ___LinkPhase_SocksExampleTCPServer = {
            isa = PBXFrameworksBuildPhase;
            files = (_LinkFileRef_Socks_via_SocksExampleTCPServer, _LinkFileRef_SocksCore_via_SocksExampleTCPServer);
            runOnlyForDeploymentPostprocessing = 0;
        };
        _LinkFileRef_Socks_via_SocksExampleTCPServer = {
            isa = PBXBuildFile;
            fileRef = _____Product_Socks;
        };
        _LinkFileRef_SocksCore_via_SocksExampleTCPServer = {
            isa = PBXBuildFile;
            fileRef = _____Product_SocksCore;
        };
        _______Confs_SocksExampleTCPServer = {
            isa = XCConfigurationList;
            buildConfigurations = (___DebugConf_SocksExampleTCPServer, _ReleaseConf_SocksExampleTCPServer);
            defaultConfigurationIsVisible = 0;
            defaultConfigurationName = Debug;
        };
        ___DebugConf_SocksExampleTCPServer = {
            isa = XCBuildConfiguration;
            buildSettings = { LD_RUNPATH_SEARCH_PATHS = '$(TOOLCHAIN_DIR)/usr/lib/swift/macosx @executable_path'; FRAMEWORK_SEARCH_PATHS = '$(PLATFORM_DIR)/Developer/Library/Frameworks'; OTHER_SWIFT_FLAGS = '$(inherited)'; SWIFT_FORCE_STATIC_LINK_STDLIB = 'NO'; SWIFT_FORCE_DYNAMIC_LINK_STDLIB = 'YES'; SWIFT_OPTIMIZATION_LEVEL = '-Onone'; OTHER_LDFLAGS = '$(inherited)'; };
            name = Debug;
        };
        _ReleaseConf_SocksExampleTCPServer = {
            isa = XCBuildConfiguration;
            buildSettings = { OTHER_SWIFT_FLAGS = '$(inherited)'; LD_RUNPATH_SEARCH_PATHS = '$(TOOLCHAIN_DIR)/usr/lib/swift/macosx @executable_path'; FRAMEWORK_SEARCH_PATHS = '$(PLATFORM_DIR)/Developer/Library/Frameworks'; SWIFT_FORCE_STATIC_LINK_STDLIB = 'NO'; SWIFT_FORCE_DYNAMIC_LINK_STDLIB = 'YES'; OTHER_LDFLAGS = '$(inherited)'; };
            name = Release;
        };
        __Dependency_SocksExampleTCPServer = {
            isa = PBXTargetDependency;
            target = ______Target_SocksExampleTCPServer;
        };
        _______Group_SocksExampleUDPClient = {
            isa = PBXGroup;
            name = SocksExampleUDPClient;
            path = 'Packages/Socks-0.7.0/Sources/SocksExampleUDPClient';
            sourceTree = '<group>';
            children = ('__PBXFileRef_Packages/Socks-0.7.0/Sources/SocksExampleUDPClient/main.swift');
        };
        '__PBXFileRef_Packages/Socks-0.7.0/Sources/SocksExampleUDPClient/main.swift' = {
            isa = PBXFileReference;
            lastKnownFileType = sourcecode.swift;
            name = 'main.swift';
            sourceTree = '<group>';
        };
        ______Target_SocksExampleUDPClient = {
            isa = PBXNativeTarget;
            buildConfigurationList = _______Confs_SocksExampleUDPClient;
            buildPhases = (CompilePhase_SocksExampleUDPClient, ___LinkPhase_SocksExampleUDPClient);
            buildRules = ();
            dependencies = (__Dependency_Socks);
            name = SocksExampleUDPClient;
            productName = SocksExampleUDPClient;
            productReference = _____Product_SocksExampleUDPClient;
            productType = 'com.apple.product-type.tool';
        };
        _____Product_SocksExampleUDPClient = {
            isa = PBXFileReference;
            explicitFileType = 'compiled.mach-o.executable';
            path = 'SocksExampleUDPClient';
            sourceTree = BUILT_PRODUCTS_DIR;
        };
        CompilePhase_SocksExampleUDPClient = {
            isa = PBXSourcesBuildPhase;
            files = ('__src_cc_ref_Packages/Socks-0.7.0/Sources/SocksExampleUDPClient/main.swift');
            runOnlyForDeploymentPostprocessing = 0;
        };
        '__src_cc_ref_Packages/Socks-0.7.0/Sources/SocksExampleUDPClient/main.swift' = {
            isa = PBXBuildFile;
            fileRef = '__PBXFileRef_Packages/Socks-0.7.0/Sources/SocksExampleUDPClient/main.swift';
        };
        ___LinkPhase_SocksExampleUDPClient = {
            isa = PBXFrameworksBuildPhase;
            files = (_LinkFileRef_Socks_via_SocksExampleUDPClient, _LinkFileRef_SocksCore_via_SocksExampleUDPClient);
            runOnlyForDeploymentPostprocessing = 0;
        };
        _LinkFileRef_Socks_via_SocksExampleUDPClient = {
            isa = PBXBuildFile;
            fileRef = _____Product_Socks;
        };
        _LinkFileRef_SocksCore_via_SocksExampleUDPClient = {
            isa = PBXBuildFile;
            fileRef = _____Product_SocksCore;
        };
        _______Confs_SocksExampleUDPClient = {
            isa = XCConfigurationList;
            buildConfigurations = (___DebugConf_SocksExampleUDPClient, _ReleaseConf_SocksExampleUDPClient);
            defaultConfigurationIsVisible = 0;
            defaultConfigurationName = Debug;
        };
        ___DebugConf_SocksExampleUDPClient = {
            isa = XCBuildConfiguration;
            buildSettings = { LD_RUNPATH_SEARCH_PATHS = '$(TOOLCHAIN_DIR)/usr/lib/swift/macosx @executable_path'; FRAMEWORK_SEARCH_PATHS = '$(PLATFORM_DIR)/Developer/Library/Frameworks'; OTHER_SWIFT_FLAGS = '$(inherited)'; SWIFT_FORCE_STATIC_LINK_STDLIB = 'NO'; SWIFT_FORCE_DYNAMIC_LINK_STDLIB = 'YES'; SWIFT_OPTIMIZATION_LEVEL = '-Onone'; OTHER_LDFLAGS = '$(inherited)'; };
            name = Debug;
        };
        _ReleaseConf_SocksExampleUDPClient = {
            isa = XCBuildConfiguration;
            buildSettings = { OTHER_SWIFT_FLAGS = '$(inherited)'; LD_RUNPATH_SEARCH_PATHS = '$(TOOLCHAIN_DIR)/usr/lib/swift/macosx @executable_path'; FRAMEWORK_SEARCH_PATHS = '$(PLATFORM_DIR)/Developer/Library/Frameworks'; SWIFT_FORCE_STATIC_LINK_STDLIB = 'NO'; SWIFT_FORCE_DYNAMIC_LINK_STDLIB = 'YES'; OTHER_LDFLAGS = '$(inherited)'; };
            name = Release;
        };
        __Dependency_SocksExampleUDPClient = {
            isa = PBXTargetDependency;
            target = ______Target_SocksExampleUDPClient;
        };
        _______Group_SocksExampleUDPServer = {
            isa = PBXGroup;
            name = SocksExampleUDPServer;
            path = 'Packages/Socks-0.7.0/Sources/SocksExampleUDPServer';
            sourceTree = '<group>';
            children = ('__PBXFileRef_Packages/Socks-0.7.0/Sources/SocksExampleUDPServer/main.swift');
        };
        '__PBXFileRef_Packages/Socks-0.7.0/Sources/SocksExampleUDPServer/main.swift' = {
            isa = PBXFileReference;
            lastKnownFileType = sourcecode.swift;
            name = 'main.swift';
            sourceTree = '<group>';
        };
        ______Target_SocksExampleUDPServer = {
            isa = PBXNativeTarget;
            buildConfigurationList = _______Confs_SocksExampleUDPServer;
            buildPhases = (CompilePhase_SocksExampleUDPServer, ___LinkPhase_SocksExampleUDPServer);
            buildRules = ();
            dependencies = (__Dependency_Socks);
            name = SocksExampleUDPServer;
            productName = SocksExampleUDPServer;
            productReference = _____Product_SocksExampleUDPServer;
            productType = 'com.apple.product-type.tool';
        };
        _____Product_SocksExampleUDPServer = {
            isa = PBXFileReference;
            explicitFileType = 'compiled.mach-o.executable';
            path = 'SocksExampleUDPServer';
            sourceTree = BUILT_PRODUCTS_DIR;
        };
        CompilePhase_SocksExampleUDPServer = {
            isa = PBXSourcesBuildPhase;
            files = ('__src_cc_ref_Packages/Socks-0.7.0/Sources/SocksExampleUDPServer/main.swift');
            runOnlyForDeploymentPostprocessing = 0;
        };
        '__src_cc_ref_Packages/Socks-0.7.0/Sources/SocksExampleUDPServer/main.swift' = {
            isa = PBXBuildFile;
            fileRef = '__PBXFileRef_Packages/Socks-0.7.0/Sources/SocksExampleUDPServer/main.swift';
        };
        ___LinkPhase_SocksExampleUDPServer = {
            isa = PBXFrameworksBuildPhase;
            files = (_LinkFileRef_Socks_via_SocksExampleUDPServer, _LinkFileRef_SocksCore_via_SocksExampleUDPServer);
            runOnlyForDeploymentPostprocessing = 0;
        };
        _LinkFileRef_Socks_via_SocksExampleUDPServer = {
            isa = PBXBuildFile;
            fileRef = _____Product_Socks;
        };
        _LinkFileRef_SocksCore_via_SocksExampleUDPServer = {
            isa = PBXBuildFile;
            fileRef = _____Product_SocksCore;
        };
        _______Confs_SocksExampleUDPServer = {
            isa = XCConfigurationList;
            buildConfigurations = (___DebugConf_SocksExampleUDPServer, _ReleaseConf_SocksExampleUDPServer);
            defaultConfigurationIsVisible = 0;
            defaultConfigurationName = Debug;
        };
        ___DebugConf_SocksExampleUDPServer = {
            isa = XCBuildConfiguration;
            buildSettings = { LD_RUNPATH_SEARCH_PATHS = '$(TOOLCHAIN_DIR)/usr/lib/swift/macosx @executable_path'; FRAMEWORK_SEARCH_PATHS = '$(PLATFORM_DIR)/Developer/Library/Frameworks'; OTHER_SWIFT_FLAGS = '$(inherited)'; SWIFT_FORCE_STATIC_LINK_STDLIB = 'NO'; SWIFT_FORCE_DYNAMIC_LINK_STDLIB = 'YES'; SWIFT_OPTIMIZATION_LEVEL = '-Onone'; OTHER_LDFLAGS = '$(inherited)'; };
            name = Debug;
        };
        _ReleaseConf_SocksExampleUDPServer = {
            isa = XCBuildConfiguration;
            buildSettings = { OTHER_SWIFT_FLAGS = '$(inherited)'; LD_RUNPATH_SEARCH_PATHS = '$(TOOLCHAIN_DIR)/usr/lib/swift/macosx @executable_path'; FRAMEWORK_SEARCH_PATHS = '$(PLATFORM_DIR)/Developer/Library/Frameworks'; SWIFT_FORCE_STATIC_LINK_STDLIB = 'NO'; SWIFT_FORCE_DYNAMIC_LINK_STDLIB = 'YES'; OTHER_LDFLAGS = '$(inherited)'; };
            name = Release;
        };
        __Dependency_SocksExampleUDPServer = {
            isa = PBXTargetDependency;
            target = ______Target_SocksExampleUDPServer;
        };
        __PBXFileRef_SecretSocks_Info.plist = {
            isa = PBXFileReference;
            lastKnownFileType = text.plist.xml;
            name = 'SecretSocks_Info.plist';
            path = 'SecretSocks.xcodeproj/SecretSocks_Info.plist';
            sourceTree = SOURCE_ROOT;
        };
        _______Group_SecretSocks = {
            isa = PBXGroup;
            name = SecretSocks;
            path = 'Sources/SecretSocks';
            sourceTree = '<group>';
            children = ('__PBXFileRef_Sources/SecretSocks/SSL/Certificates.swift', '__PBXFileRef_Sources/SecretSocks/SSL/Context.swift', '__PBXFileRef_Sources/SecretSocks/SSL/Error.swift', '__PBXFileRef_Sources/SecretSocks/SSL/Method.swift', '__PBXFileRef_Sources/SecretSocks/SSL/Mode.swift', '__PBXFileRef_Sources/SecretSocks/SSL/Socket.swift', '__PBXFileRef_Sources/SecretSocks/SSL/SSL.swift', '__PBXFileRef_Sources/SecretSocks/SSL/Utilities.swift', __PBXFileRef_SecretSocks_Info.plist);
        };
        '__PBXFileRef_Sources/SecretSocks/SSL/Certificates.swift' = {
            isa = PBXFileReference;
            lastKnownFileType = sourcecode.swift;
            name = 'SSL/Certificates.swift';
            sourceTree = '<group>';
        };
        '__PBXFileRef_Sources/SecretSocks/SSL/Context.swift' = {
            isa = PBXFileReference;
            lastKnownFileType = sourcecode.swift;
            name = 'SSL/Context.swift';
            sourceTree = '<group>';
        };
        '__PBXFileRef_Sources/SecretSocks/SSL/Error.swift' = {
            isa = PBXFileReference;
            lastKnownFileType = sourcecode.swift;
            name = 'SSL/Error.swift';
            sourceTree = '<group>';
        };
        '__PBXFileRef_Sources/SecretSocks/SSL/Method.swift' = {
            isa = PBXFileReference;
            lastKnownFileType = sourcecode.swift;
            name = 'SSL/Method.swift';
            sourceTree = '<group>';
        };
        '__PBXFileRef_Sources/SecretSocks/SSL/Mode.swift' = {
            isa = PBXFileReference;
            lastKnownFileType = sourcecode.swift;
            name = 'SSL/Mode.swift';
            sourceTree = '<group>';
        };
        '__PBXFileRef_Sources/SecretSocks/SSL/Socket.swift' = {
            isa = PBXFileReference;
            lastKnownFileType = sourcecode.swift;
            name = 'SSL/Socket.swift';
            sourceTree = '<group>';
        };
        '__PBXFileRef_Sources/SecretSocks/SSL/SSL.swift' = {
            isa = PBXFileReference;
            lastKnownFileType = sourcecode.swift;
            name = 'SSL/SSL.swift';
            sourceTree = '<group>';
        };
        '__PBXFileRef_Sources/SecretSocks/SSL/Utilities.swift' = {
            isa = PBXFileReference;
            lastKnownFileType = sourcecode.swift;
            name = 'SSL/Utilities.swift';
            sourceTree = '<group>';
        };
        ______Target_SecretSocks = {
            isa = PBXNativeTarget;
            buildConfigurationList = _______Confs_SecretSocks;
            buildPhases = (CompilePhase_SecretSocks, ___LinkPhase_SecretSocks);
            buildRules = ();
            dependencies = (__Dependency_Socks, __Dependency_SocksCore);
            name = SecretSocks;
            productName = SecretSocks;
            productReference = _____Product_SecretSocks;
            productType = 'com.apple.product-type.framework';
        };
        _____Product_SecretSocks = {
            isa = PBXFileReference;
            explicitFileType = 'wrapper.framework';
            path = 'SecretSocks.framework';
            sourceTree = BUILT_PRODUCTS_DIR;
        };
        CompilePhase_SecretSocks = {
            isa = PBXSourcesBuildPhase;
            files = ('__src_cc_ref_Sources/SecretSocks/SSL/Certificates.swift', '__src_cc_ref_Sources/SecretSocks/SSL/Context.swift', '__src_cc_ref_Sources/SecretSocks/SSL/Error.swift', '__src_cc_ref_Sources/SecretSocks/SSL/Method.swift', '__src_cc_ref_Sources/SecretSocks/SSL/Mode.swift', '__src_cc_ref_Sources/SecretSocks/SSL/Socket.swift', '__src_cc_ref_Sources/SecretSocks/SSL/SSL.swift', '__src_cc_ref_Sources/SecretSocks/SSL/Utilities.swift');
            runOnlyForDeploymentPostprocessing = 0;
        };
        '__src_cc_ref_Sources/SecretSocks/SSL/Certificates.swift' = {
            isa = PBXBuildFile;
            fileRef = '__PBXFileRef_Sources/SecretSocks/SSL/Certificates.swift';
        };
        '__src_cc_ref_Sources/SecretSocks/SSL/Context.swift' = {
            isa = PBXBuildFile;
            fileRef = '__PBXFileRef_Sources/SecretSocks/SSL/Context.swift';
        };
        '__src_cc_ref_Sources/SecretSocks/SSL/Error.swift' = {
            isa = PBXBuildFile;
            fileRef = '__PBXFileRef_Sources/SecretSocks/SSL/Error.swift';
        };
        '__src_cc_ref_Sources/SecretSocks/SSL/Method.swift' = {
            isa = PBXBuildFile;
            fileRef = '__PBXFileRef_Sources/SecretSocks/SSL/Method.swift';
        };
        '__src_cc_ref_Sources/SecretSocks/SSL/Mode.swift' = {
            isa = PBXBuildFile;
            fileRef = '__PBXFileRef_Sources/SecretSocks/SSL/Mode.swift';
        };
        '__src_cc_ref_Sources/SecretSocks/SSL/Socket.swift' = {
            isa = PBXBuildFile;
            fileRef = '__PBXFileRef_Sources/SecretSocks/SSL/Socket.swift';
        };
        '__src_cc_ref_Sources/SecretSocks/SSL/SSL.swift' = {
            isa = PBXBuildFile;
            fileRef = '__PBXFileRef_Sources/SecretSocks/SSL/SSL.swift';
        };
        '__src_cc_ref_Sources/SecretSocks/SSL/Utilities.swift' = {
            isa = PBXBuildFile;
            fileRef = '__PBXFileRef_Sources/SecretSocks/SSL/Utilities.swift';
        };
        ___LinkPhase_SecretSocks = {
            isa = PBXFrameworksBuildPhase;
            files = (_LinkFileRef_Socks_via_SecretSocks, _LinkFileRef_SocksCore_via_SecretSocks);
            runOnlyForDeploymentPostprocessing = 0;
        };
        _LinkFileRef_Socks_via_SecretSocks = {
            isa = PBXBuildFile;
            fileRef = _____Product_Socks;
        };
        _LinkFileRef_SocksCore_via_SecretSocks = {
            isa = PBXBuildFile;
            fileRef = _____Product_SocksCore;
        };
        _______Confs_SecretSocks = {
            isa = XCConfigurationList;
            buildConfigurations = (___DebugConf_SecretSocks, _ReleaseConf_SecretSocks);
            defaultConfigurationIsVisible = 0;
            defaultConfigurationName = Debug;
        };
        ___DebugConf_SecretSocks = {
            isa = XCBuildConfiguration;
            buildSettings = { LD_RUNPATH_SEARCH_PATHS = '$(TOOLCHAIN_DIR)/usr/lib/swift/macosx'; PRODUCT_MODULE_NAME = '$(TARGET_NAME:c99extidentifier)'; ENABLE_TESTABILITY = 'YES'; OTHER_SWIFT_FLAGS = '$(inherited) -I/usr/local/Cellar/openssl/1.0.2h_1/include -I/usr/local/Cellar/openssl/1.0.2h_1/include'; INFOPLIST_FILE = 'SecretSocks.xcodeproj/SecretSocks_Info.plist'; FRAMEWORK_SEARCH_PATHS = '$(PLATFORM_DIR)/Developer/Library/Frameworks'; SWIFT_OPTIMIZATION_LEVEL = '-Onone'; HEADER_SEARCH_PATHS = '/Users/tanner/Developer/czechboy0/secret-socks/Packages/COpenSSL-0.6.0'; OTHER_LDFLAGS = '$(inherited) -L/usr/local/Cellar/openssl/1.0.2h_1/lib -lssl -L/usr/local/Cellar/openssl/1.0.2h_1/lib -lcrypto'; PRODUCT_NAME = '$(TARGET_NAME:c99extidentifier)'; };
            name = Debug;
        };
        _ReleaseConf_SecretSocks = {
            isa = XCBuildConfiguration;
            buildSettings = { LD_RUNPATH_SEARCH_PATHS = '$(TOOLCHAIN_DIR)/usr/lib/swift/macosx'; PRODUCT_MODULE_NAME = '$(TARGET_NAME:c99extidentifier)'; ENABLE_TESTABILITY = 'YES'; OTHER_SWIFT_FLAGS = '$(inherited) -I/usr/local/Cellar/openssl/1.0.2h_1/include -I/usr/local/Cellar/openssl/1.0.2h_1/include'; INFOPLIST_FILE = 'SecretSocks.xcodeproj/SecretSocks_Info.plist'; FRAMEWORK_SEARCH_PATHS = '$(PLATFORM_DIR)/Developer/Library/Frameworks'; HEADER_SEARCH_PATHS = '/Users/tanner/Developer/czechboy0/secret-socks/Packages/COpenSSL-0.6.0'; OTHER_LDFLAGS = '$(inherited) -L/usr/local/Cellar/openssl/1.0.2h_1/lib -lssl -L/usr/local/Cellar/openssl/1.0.2h_1/lib -lcrypto'; PRODUCT_NAME = '$(TARGET_NAME:c99extidentifier)'; };
            name = Release;
        };
        __Dependency_SecretSocks = {
            isa = PBXTargetDependency;
            target = ______Target_SecretSocks;
        };
        __PBXFileRef_SecretSocksTestSuite_Info.plist = {
            isa = PBXFileReference;
            lastKnownFileType = text.plist.xml;
            name = 'SecretSocksTestSuite_Info.plist';
            path = 'SecretSocks.xcodeproj/SecretSocksTestSuite_Info.plist';
            sourceTree = SOURCE_ROOT;
        };
        _______Group_SecretSocksTestSuite = {
            isa = PBXGroup;
            name = SecretSocksTestSuite;
            path = 'Tests/SecretSocks';
            sourceTree = '<group>';
            children = ('__PBXFileRef_Tests/SecretSocks/SecretSocksTests.swift', '__PBXFileRef_Tests/SecretSocks/SSLInitTests.swift', __PBXFileRef_SecretSocksTestSuite_Info.plist);
        };
        '__PBXFileRef_Tests/SecretSocks/SecretSocksTests.swift' = {
            isa = PBXFileReference;
            lastKnownFileType = sourcecode.swift;
            name = 'SecretSocksTests.swift';
            sourceTree = '<group>';
        };
        '__PBXFileRef_Tests/SecretSocks/SSLInitTests.swift' = {
            isa = PBXFileReference;
            lastKnownFileType = sourcecode.swift;
            name = 'SSLInitTests.swift';
            sourceTree = '<group>';
        };
        ______Target_SecretSocksTestSuite = {
            isa = PBXNativeTarget;
            buildConfigurationList = _______Confs_SecretSocksTestSuite;
            buildPhases = (CompilePhase_SecretSocksTestSuite, ___LinkPhase_SecretSocksTestSuite);
            buildRules = ();
            dependencies = (__Dependency_Socks, __Dependency_SocksCore, __Dependency_SecretSocks);
            name = SecretSocksTestSuite;
            productName = SecretSocksTestSuite;
            productReference = _____Product_SecretSocksTestSuite;
            productType = 'com.apple.product-type.bundle.unit-test';
        };
        _____Product_SecretSocksTestSuite = {
            isa = PBXFileReference;
            explicitFileType = 'compiled.mach-o.wrapper.cfbundle';
            path = 'SecretSocksTestSuite.xctest';
            sourceTree = BUILT_PRODUCTS_DIR;
        };
        CompilePhase_SecretSocksTestSuite = {
            isa = PBXSourcesBuildPhase;
            files = ('__src_cc_ref_Tests/SecretSocks/SecretSocksTests.swift', '__src_cc_ref_Tests/SecretSocks/SSLInitTests.swift');
            runOnlyForDeploymentPostprocessing = 0;
        };
        '__src_cc_ref_Tests/SecretSocks/SecretSocksTests.swift' = {
            isa = PBXBuildFile;
            fileRef = '__PBXFileRef_Tests/SecretSocks/SecretSocksTests.swift';
        };
        '__src_cc_ref_Tests/SecretSocks/SSLInitTests.swift' = {
            isa = PBXBuildFile;
            fileRef = '__PBXFileRef_Tests/SecretSocks/SSLInitTests.swift';
        };
        ___LinkPhase_SecretSocksTestSuite = {
            isa = PBXFrameworksBuildPhase;
            files = (_LinkFileRef_Socks_via_SecretSocksTestSuite, _LinkFileRef_SocksCore_via_SecretSocksTestSuite, _LinkFileRef_SecretSocks_via_SecretSocksTestSuite);
            runOnlyForDeploymentPostprocessing = 0;
        };
        _LinkFileRef_Socks_via_SecretSocksTestSuite = {
            isa = PBXBuildFile;
            fileRef = _____Product_Socks;
        };
        _LinkFileRef_SocksCore_via_SecretSocksTestSuite = {
            isa = PBXBuildFile;
            fileRef = _____Product_SocksCore;
        };
        _LinkFileRef_SecretSocks_via_SecretSocksTestSuite = {
            isa = PBXBuildFile;
            fileRef = _____Product_SecretSocks;
        };
        _______Confs_SecretSocksTestSuite = {
            isa = XCConfigurationList;
            buildConfigurations = (___DebugConf_SecretSocksTestSuite, _ReleaseConf_SecretSocksTestSuite);
            defaultConfigurationIsVisible = 0;
            defaultConfigurationName = Debug;
        };
        ___DebugConf_SecretSocksTestSuite = {
            isa = XCBuildConfiguration;
            buildSettings = { LD_RUNPATH_SEARCH_PATHS = '@loader_path/../Frameworks'; FRAMEWORK_SEARCH_PATHS = '$(PLATFORM_DIR)/Developer/Library/Frameworks'; HEADER_SEARCH_PATHS = '/Users/tanner/Developer/czechboy0/secret-socks/Packages/COpenSSL-0.6.0'; OTHER_SWIFT_FLAGS = '$(inherited) -I/usr/local/Cellar/openssl/1.0.2h_1/include -I/usr/local/Cellar/openssl/1.0.2h_1/include'; INFOPLIST_FILE = 'SecretSocks.xcodeproj/SecretSocksTestSuite_Info.plist'; SWIFT_OPTIMIZATION_LEVEL = '-Onone'; EMBEDDED_CONTENT_CONTAINS_SWIFT = 'YES'; OTHER_LDFLAGS = '$(inherited) -L/usr/local/Cellar/openssl/1.0.2h_1/lib -lssl -L/usr/local/Cellar/openssl/1.0.2h_1/lib -lcrypto'; };
            name = Debug;
        };
        _ReleaseConf_SecretSocksTestSuite = {
            isa = XCBuildConfiguration;
            buildSettings = { LD_RUNPATH_SEARCH_PATHS = '@loader_path/../Frameworks'; FRAMEWORK_SEARCH_PATHS = '$(PLATFORM_DIR)/Developer/Library/Frameworks'; HEADER_SEARCH_PATHS = '/Users/tanner/Developer/czechboy0/secret-socks/Packages/COpenSSL-0.6.0'; OTHER_SWIFT_FLAGS = '$(inherited) -I/usr/local/Cellar/openssl/1.0.2h_1/include -I/usr/local/Cellar/openssl/1.0.2h_1/include'; INFOPLIST_FILE = 'SecretSocks.xcodeproj/SecretSocksTestSuite_Info.plist'; EMBEDDED_CONTENT_CONTAINS_SWIFT = 'YES'; OTHER_LDFLAGS = '$(inherited) -L/usr/local/Cellar/openssl/1.0.2h_1/lib -lssl -L/usr/local/Cellar/openssl/1.0.2h_1/lib -lcrypto'; };
            name = Release;
        };
        __Dependency_SecretSocksTestSuite = {
            isa = PBXTargetDependency;
            target = ______Target_SecretSocksTestSuite;
        };
        '__PBXFileRef_SecretSocks.xcodeproj/Configs/Project.xcconfig' = {
            isa = PBXFileReference;
            lastKnownFileType = text.xcconfig;
            name = 'Project.xcconfig';
            path = 'SecretSocks.xcodeproj/Configs/Project.xcconfig';
            sourceTree = '<group>';
        };
        _____Configs_ = {
            isa = PBXGroup;
            children = ('__PBXFileRef_SecretSocks.xcodeproj/Configs/Project.xcconfig');
            name = Configs;
            sourceTree = '<group>';
        };
        _____Sources_ = {
            isa = PBXGroup;
            children = (_______Group_Socks, _______Group_SocksCore, _______Group_SocksCoreExampleTCPClient, _______Group_SocksCoreExampleTCPKeepAliveServer, _______Group_SocksCoreExampleTCPServer, _______Group_SocksExampleTCPClient, _______Group_SocksExampleTCPServer, _______Group_SocksExampleUDPClient, _______Group_SocksExampleUDPServer, _______Group_SecretSocks);
            name = Sources;
            sourceTree = '<group>';
        };
        Dependencies_ = {
            isa = PBXGroup;
            children = (_______Group_Socks, _______Group_SocksCore, _______Group_SocksCoreExampleTCPClient, _______Group_SocksCoreExampleTCPKeepAliveServer, _______Group_SocksCoreExampleTCPServer, _______Group_SocksExampleTCPClient, _______Group_SocksExampleTCPServer, _______Group_SocksExampleUDPClient, _______Group_SocksExampleUDPServer);
            name = Dependencies;
            sourceTree = '<group>';
        };
        _______Tests_ = {
            isa = PBXGroup;
            children = (_______Group_SecretSocksTestSuite);
            name = Tests;
            sourceTree = '<group>';
        };
       TestProducts_ = {
            isa = PBXGroup;
            children = (_____Product_SecretSocksTestSuite);
            name = Tests;
            sourceTree = '<group>';
        };
        ____Products_ = {
            isa = PBXGroup;
            children = (TestProducts_, _____Product_Socks, _____Product_SocksCore, _____Product_SocksCoreExampleTCPClient, _____Product_SocksCoreExampleTCPKeepAliveServer, _____Product_SocksCoreExampleTCPServer, _____Product_SocksExampleTCPClient, _____Product_SocksExampleTCPServer, _____Product_SocksExampleUDPClient, _____Product_SocksExampleUDPServer, _____Product_SecretSocks);
            name = Products;
            sourceTree = '<group>';
        };
        _______Debug_ = {
            isa = XCBuildConfiguration;
            baseConfigurationReference = '__PBXFileRef_SecretSocks.xcodeproj/Configs/Project.xcconfig';
            buildSettings = {};
            name = Debug;
        };
        _____Release_ = {
            isa = XCBuildConfiguration;
            baseConfigurationReference = '__PBXFileRef_SecretSocks.xcodeproj/Configs/Project.xcconfig';
            buildSettings = {};
            name = Release;
        };
        ___RootConfs_ = {
            isa = XCConfigurationList;
            buildConfigurations = (_______Debug_, _____Release_);
            defaultConfigurationIsVisible = 0;
            defaultConfigurationName = Debug;
        };
    };
}
